
Microsoft Visual Studio Solution File, Format Version 12.00
# Visual Studio Version 16
VisualStudioVersion = 16.0.30804.86
MinimumVisualStudioVersion = 10.0.40219.1
Project("{9A19103F-16F7-4668-BE54-9A1E7A4F7556}") = "ConsoleTetris", "ConsoleTetris\ConsoleTetris.csproj", "{AF349C3D-DEE6-4EA1-A5F3-3AC53F874285}"
EndProject
Global
	GlobalSection(SolutionConfigurationPlatforms) = preSolution
		Debug|Any CPU = Debug|Any CPU
		Release|Any CPU = Release|Any CPU
	EndGlobalSection
	GlobalSection(ProjectConfigurationPlatforms) = postSolution
		{AF349C3D-DEE6-4EA1-A5F3-3AC53F874285}.Debug|Any CPU.ActiveCfg = Debug|Any CPU
		{AF349C3D-DEE6-4EA1-A5F3-3AC53F874285}.Debug|Any CPU.Build.0 = Debug|Any CPU
		{AF349C3D-DEE6-4EA1-A5F3-3AC53F874285}.Release|Any CPU.ActiveCfg = Release|Any CPU
		{AF349C3D-DEE6-4EA1-A5F3-3AC53F874285}.Release|Any CPU.Build.0 = Release|Any CPU
	EndGlobalSection
	GlobalSection(SolutionProperties) = preSolution
		HideSolutionNode = FALSE
	EndGlobalSection
	GlobalSection(ExtensibilityGlobals) = postSolution
		SolutionGuid = {C17BEA8F-5C25-49C2-90CD-9517F7A5BC86}
	EndGlobalSection
EndGlobal
